
Microsoft Visual Studio Solution File, Format Version 12.00
# Visual Studio Version 16
VisualStudioVersion = 16.0.30104.148
MinimumVisualStudioVersion = 10.0.40219.1
Project("{FAE04EC0-301F-11D3-BF4B-00C04F79EFBC}") = "ResourceCounts", "ResourceCounts.csproj", "{BAB22A94-D1C0-4816-B4C8-6510537FF320}"
EndProject
Global
	GlobalSection(SolutionConfigurationPlatforms) = preSolution
		Debug|Any CPU = Debug|Any CPU
		Release|Any CPU = Release|Any CPU
	EndGlobalSection
	GlobalSection(ProjectConfigurationPlatforms) = postSolution
		{BAB22A94-D1C0-4816-B4C8-6510537FF320}.Debug|Any CPU.ActiveCfg = Debug|Any CPU
		{BAB22A94-D1C0-4816-B4C8-6510537FF320}.Debug|Any CPU.Build.0 = Debug|Any CPU
		{BAB22A94-D1C0-4816-B4C8-6510537FF320}.Release|Any CPU.ActiveCfg = Release|Any CPU
		{BAB22A94-D1C0-4816-B4C8-6510537FF320}.Release|Any CPU.Build.0 = Release|Any CPU
	EndGlobalSection
	GlobalSection(SolutionProperties) = preSolution
		HideSolutionNode = FALSE
	EndGlobalSection
	GlobalSection(ExtensibilityGlobals) = postSolution
		SolutionGuid = {1B569346-171D-441B-88DE-E331FAB1BE4E}
	EndGlobalSection
EndGlobal
